{
  "requires": true,
  "lockfileVersion": 1,
  "dependencies": {
    "@vuepress/plugin-google-analytics": {
      "version": "1.0.0-alpha.0",
      "resolved": "https://registry.npmjs.org/@vuepress/plugin-google-analytics/-/plugin-google-analytics-1.0.0-alpha.0.tgz",
      "integrity": "sha512-WNUIayJFBmTb06bjvFeJd5TlT4qoYcCLN15zkEGeAGH8tCH2BtrwMkSG3BiiWSh3xRUy7kDHhsuclSZcRY08EQ==",
      "dev": true
    }
  }
}
